github.com/dadosjusbr/coletores v0.0.0-20210928113650-4c03e4fa3b74 h1:biTIncJC0XYYqAVEJHJRI5dTUgEp9K7AfTrUj9JzvNc=
github.com/dadosjusbr/coletores v0.0.0-20210928113650-4c03e4fa3b74/go.mod h1:m9opDykSJIwaf+veICpleWMranaaWEbx5RNQhKZAgXU=
github.com/frictionlessdata/datapackage-go v0.0.0-20211203133945-d15c67ff953e h1:1XrYXyDcpn65S+aooa1UtMuBIE7VSslNIFS2kbtwuPI=
github.com/frictionlessdata/datapackage-go v0.0.0-20211203133945-d15c67ff953e/go.mod h1:d6CbzM3Xw9JOsz0AemqOX8DJa315xow0hsw6eTgiDKE=
github.com/frictionlessdata/tableschema-go v0.1.5-0.20190521014818-f9bf38926664 h1:IvuZMJ6dH1ye2bWmM8Yla6jj1xIPBR/nZJlm6P4ZSD4=
github.com/frictionlessdata/tableschema-go v0.1.5-0.20190521014818-f9bf38926664/go.mod h1:OfuE6zbfQdlwx5q9vf5XWXEGJ0LYZcd9ML3zme5rP3k=
github.com/gocarina/gocsv v0.0.0-20200827134620-49f5c3fa2b3e/go.mod h1:5YoVOkjYAQumqlV356Hj3xeYh4BdZuLE0/nRkf2NKkI=
github.com/gocarina/gocsv v0.0.0-20220310154401-d4df709ca055 h1:UfcDMw41lSx3XM7UvD1i7Fsu3rMgD55OU5LYwLoR/Yk=
github.com/gocarina/gocsv v0.0.0-20220310154401-d4df709ca055/go.mod h1:5YoVOkjYAQumqlV356Hj3xeYh4BdZuLE0/nRkf2NKkI=
github.com/kr/pretty v0.2.1 h1:Fmg33tUaq4/8ym9TJN1x7sLJnHVwhP33CNkpYV/7rwI=
github.com/kr/pretty v0.2.1/go.mod h1:ipq/a2n7PKx3OHsz4KJII5eveXtPO4qwEXGdVfWzfnI=
github.com/kr/pty v1.1.1/go.mod h1:pFQYn66WHrOpPYNljwOMqo10TkYh1fy3cYio2l3bCsQ=
github.com/kr/text v0.1.0 h1:45sCR5RtlFHMR4UwH9sdQ5TC8v0qDQCHnXt+kaKSTVE=
github.com/kr/text v0.1.0/go.mod h1:4Jbv+DJW3UT/LiOwJeYQe1efqtUx/iVham/4vfdArNI=
github.com/matryer/is v0.0.0-20170112134659-c0323ceb4e99/go.mod h1:2fLPjFQM9rhQ15aVEtbuwhJinnOqrmgXPNdZsdwlWXA=
github.com/matryer/is v1.2.0 h1:92UTHpy8CDwaJ08GqLDzhhuixiBUUD1p3AU6PHddz4A=
github.com/matryer/is v1.2.0/go.mod h1:2fLPjFQM9rhQ15aVEtbuwhJinnOqrmgXPNdZsdwlWXA=
github.com/santhosh-tekuri/jsonschema v1.2.4 h1:hNhW8e7t+H1vgY+1QeEQpveR6D4+OwKPXCfD2aieJis=
github.com/santhosh-tekuri/jsonschema v1.2.4/go.mod h1:TEAUOeZSmIxTTuHatJzrvARHiuO9LYd+cIxzgEHCQI4=
github.com/satori/go.uuid v1.1.0/go.mod h1:dA0hQrYB0VpLJoorglMZABFdXlWrHn1NEOzdhQKdks0=
github.com/satori/go.uuid v1.2.0 h1:0uYX9dsZ2yD7q2RtLRtPSdGDWzjeM3TbMJP9utgA0ww=
github.com/satori/go.uuid v1.2.0/go.mod h1:dA0hQrYB0VpLJoorglMZABFdXlWrHn1NEOzdhQKdks0=
gopkg.in/check.v1 v1.0.0-20201130134442-10cb98267c6c h1:Hei/4ADfdWqJk1ZMxUNpqntNwaWcugrBjAiHlqqRiVk=
gopkg.in/check.v1 v1.0.0-20201130134442-10cb98267c6c/go.mod h1:JHkPIbrfpd72SG/EVd6muEfDQjcINNoR0C8j2r3qZ4Q=
